FORGE
  remote: http://forge.puppetlabs.com
  specs:
    puppetlabs/stdlib (4.1.0)

GIT
  remote: https://github.com/puppetlabs/puppetlabs-apt.git
  ref: master
  sha: a350da76046b2d42f73ff6aed566adce1f13ff01
  specs:
    apt (1.4.0)
      puppetlabs/stdlib (>= 2.2.1)

GIT
  remote: https://github.com/puppetlabs/puppetlabs-nginx.git
  ref: master
  sha: 1441edcfac8d2c6e12488c3867624e38e5532e4c
  specs:
    puppetlabs-nginx (0.0.1)
      puppetlabs/stdlib (>= 0.1.6)

DEPENDENCIES
  apt (>= 0)
  puppetlabs-nginx (>= 0)
  puppetlabs/stdlib (>= 0)

